
Microsoft Visual Studio Solution File, Format Version 12.00
# Visual Studio Version 16
VisualStudioVersion = 16.0.33130.400
MinimumVisualStudioVersion = 10.0.40219.1
Project("{FAE04EC0-301F-11D3-BF4B-00C04F79EFBC}") = "AdvancedDynamicArray", "AdvancedDynamicArray.csproj", "{316BA9E9-81C8-4855-885F-6036E7890306}"
EndProject
Global
	GlobalSection(SolutionConfigurationPlatforms) = preSolution
		Debug|Any CPU = Debug|Any CPU
		Release|Any CPU = Release|Any CPU
	EndGlobalSection
	GlobalSection(ProjectConfigurationPlatforms) = postSolution
		{316BA9E9-81C8-4855-885F-6036E7890306}.Debug|Any CPU.ActiveCfg = Debug|Any CPU
		{316BA9E9-81C8-4855-885F-6036E7890306}.Debug|Any CPU.Build.0 = Debug|Any CPU
		{316BA9E9-81C8-4855-885F-6036E7890306}.Release|Any CPU.ActiveCfg = Release|Any CPU
		{316BA9E9-81C8-4855-885F-6036E7890306}.Release|Any CPU.Build.0 = Release|Any CPU
	EndGlobalSection
	GlobalSection(SolutionProperties) = preSolution
		HideSolutionNode = FALSE
	EndGlobalSection
	GlobalSection(ExtensibilityGlobals) = postSolution
		SolutionGuid = {44E1FD6E-3F07-40D6-9AFB-E206BBE7E684}
	EndGlobalSection
EndGlobal
